{
  "name": "universal-core-workspace",
  "version": "0.1.0",
  "lockfileVersion": 3,
  "requires": true,
  "packages": {
    "": {
      "name": "universal-core-workspace",
      "version": "0.1.0",
      "workspaces": [
        "packages/*",
        "packages/branches/*"
      ],
      "dependencies": {
        "chess.js": "^1.4.0"
      }
    },
    "node_modules/@universal-core/branch-assistant": {
      "resolved": "packages/branches/assistant",
      "link": true
    },
    "node_modules/@universal-core/branch-financial": {
      "resolved": "packages/branches/financial",
      "link": true
    },
    "node_modules/@universal-core/branch-flowcore": {
      "resolved": "packages/branches/flowcore",
      "link": true
    },
    "node_modules/@universal-core/branch-gold": {
      "resolved": "packages/branches/gold",
      "link": true
    },
    "node_modules/@universal-core/contracts": {
      "resolved": "packages/contracts",
      "link": true
    },
    "node_modules/@universal-core/core": {
      "resolved": "packages/core",
      "link": true
    },
    "node_modules/chess.js": {
      "version": "1.4.0",
      "resolved": "https://registry.npmjs.org/chess.js/-/chess.js-1.4.0.tgz",
      "integrity": "sha512-BBJgrrtKQOzFLonR0l+k64A98NLemPwNsCskwb+29bRwobUa4iTm51E1kwGPbWXAcfdDa18nad6vpPPKPWarqw==",
      "license": "BSD-2-Clause"
    },
    "packages/branches/assistant": {
      "name": "@universal-core/branch-assistant",
      "version": "0.1.0"
    },
    "packages/branches/financial": {
      "name": "@universal-core/branch-financial",
      "version": "0.1.0"
    },
    "packages/branches/flowcore": {
      "name": "@universal-core/branch-flowcore",
      "version": "0.1.0"
    },
    "packages/branches/gold": {
      "name": "@universal-core/branch-gold",
      "version": "0.1.0"
    },
    "packages/contracts": {
      "name": "@universal-core/contracts",
      "version": "0.1.0"
    },
    "packages/core": {
      "name": "@universal-core/core",
      "version": "0.1.0",
      "dependencies": {
        "@universal-core/contracts": "0.1.0"
      }
    }
  }
}
